// !$*UTF8*$!
{
	archiveVersion = 1;
	classes = {
	};
	objectVersion = 55;
	objects = {

/* Begin PBXBuildFile section */
		98A6A57328635C7A00589273 /* SberTestTask2App.swift in Sources */ = {isa = PBXBuildFile; fileRef = 98A6A57228635C7A00589273 /* SberTestTask2App.swift */; };
		98A6A57528635C7A00589273 /* ContentView.swift in Sources */ = {isa = PBXBuildFile; fileRef = 98A6A57428635C7A00589273 /* ContentView.swift */; };
		98A6A57728635C7B00589273 /* Assets.xcassets in Resources */ = {isa = PBXBuildFile; fileRef = 98A6A57628635C7B00589273 /* Assets.xcassets */; };
		98A6A57A28635C7B00589273 /* Preview Assets.xcassets in Resources */ = {isa = PBXBuildFile; fileRef = 98A6A57928635C7B00589273 /* Preview Assets.xcassets */; };
		98A6A57C28635C7B00589273 /* Persistence.swift in Sources */ = {isa = PBXBuildFile; fileRef = 98A6A57B28635C7B00589273 /* Persistence.swift */; };
		98A6A57F28635C7B00589273 /* Contact.xcdatamodeld in Sources */ = {isa = PBXBuildFile; fileRef = 98A6A57D28635C7B00589273 /* Contact.xcdatamodeld */; };
		98A6A58728635D2400589273 /* ImagePicker.swift in Sources */ = {isa = PBXBuildFile; fileRef = 98A6A58628635D2400589273 /* ImagePicker.swift */; };
		98A6A58928635D5000589273 /* CoreDataViewModel.swift in Sources */ = {isa = PBXBuildFile; fileRef = 98A6A58828635D5000589273 /* CoreDataViewModel.swift */; };
		98A6A58C28635E0A00589273 /* AddContactView.swift in Sources */ = {isa = PBXBuildFile; fileRef = 98A6A58B28635E0A00589273 /* AddContactView.swift */; };
		98A6A5932863B3C500589273 /* MailView.swift in Sources */ = {isa = PBXBuildFile; fileRef = 98A6A5922863B3C500589273 /* MailView.swift */; };
		98A6A59B28646D0C00589273 /* ListRowView.swift in Sources */ = {isa = PBXBuildFile; fileRef = 98A6A59A28646D0C00589273 /* ListRowView.swift */; };
		98A6A59D28646D2400589273 /* CollectionRowView.swift in Sources */ = {isa = PBXBuildFile; fileRef = 98A6A59C28646D2400589273 /* CollectionRowView.swift */; };
		98A6A5A3286472E200589273 /* DetailedContactView.swift in Sources */ = {isa = PBXBuildFile; fileRef = 98A6A5A2286472E200589273 /* DetailedContactView.swift */; };
/* End PBXBuildFile section */

/* Begin PBXFileReference section */
		98A6A56F28635C7A00589273 /* SberTestTask2.app */ = {isa = PBXFileReference; explicitFileType = wrapper.application; includeInIndex = 0; path = SberTestTask2.app; sourceTree = BUILT_PRODUCTS_DIR; };
		98A6A57228635C7A00589273 /* SberTestTask2App.swift */ = {isa = PBXFileReference; lastKnownFileType = sourcecode.swift; path = SberTestTask2App.swift; sourceTree = "<group>"; };
		98A6A57428635C7A00589273 /* ContentView.swift */ = {isa = PBXFileReference; lastKnownFileType = sourcecode.swift; path = ContentView.swift; sourceTree = "<group>"; };
		98A6A57628635C7B00589273 /* Assets.xcassets */ = {isa = PBXFileReference; lastKnownFileType = folder.assetcatalog; path = Assets.xcassets; sourceTree = "<group>"; };
		98A6A57928635C7B00589273 /* Preview Assets.xcassets */ = {isa = PBXFileReference; lastKnownFileType = folder.assetcatalog; path = "Preview Assets.xcassets"; sourceTree = "<group>"; };
		98A6A57B28635C7B00589273 /* Persistence.swift */ = {isa = PBXFileReference; lastKnownFileType = sourcecode.swift; path = Persistence.swift; sourceTree = "<group>"; };
		98A6A57E28635C7B00589273 /* SberTestTask2.xcdatamodel */ = {isa = PBXFileReference; lastKnownFileType = wrapper.xcdatamodel; path = SberTestTask2.xcdatamodel; sourceTree = "<group>"; };
		98A6A58628635D2400589273 /* ImagePicker.swift */ = {isa = PBXFileReference; lastKnownFileType = sourcecode.swift; path = ImagePicker.swift; sourceTree = "<group>"; };
		98A6A58828635D5000589273 /* CoreDataViewModel.swift */ = {isa = PBXFileReference; lastKnownFileType = sourcecode.swift; path = CoreDataViewModel.swift; sourceTree = "<group>"; };
		98A6A58B28635E0A00589273 /* AddContactView.swift */ = {isa = PBXFileReference; lastKnownFileType = sourcecode.swift; path = AddContactView.swift; sourceTree = "<group>"; };
		98A6A5922863B3C500589273 /* MailView.swift */ = {isa = PBXFileReference; lastKnownFileType = sourcecode.swift; path = MailView.swift; sourceTree = "<group>"; };
		98A6A59A28646D0C00589273 /* ListRowView.swift */ = {isa = PBXFileReference; lastKnownFileType = sourcecode.swift; path = ListRowView.swift; sourceTree = "<group>"; };
		98A6A59C28646D2400589273 /* CollectionRowView.swift */ = {isa = PBXFileReference; lastKnownFileType = sourcecode.swift; path = CollectionRowView.swift; sourceTree = "<group>"; };
		98A6A5A2286472E200589273 /* DetailedContactView.swift */ = {isa = PBXFileReference; lastKnownFileType = sourcecode.swift; path = DetailedContactView.swift; sourceTree = "<group>"; };
/* End PBXFileReference section */

/* Begin PBXFrameworksBuildPhase section */
		98A6A56C28635C7A00589273 /* Frameworks */ = {
			isa = PBXFrameworksBuildPhase;
			buildActionMask = 2147483647;
			files = (
			);
			runOnlyForDeploymentPostprocessing = 0;
		};
/* End PBXFrameworksBuildPhase section */

/* Begin PBXGroup section */
		98A6A56628635C7A00589273 = {
			isa = PBXGroup;
			children = (
				98A6A57128635C7A00589273 /* SberTestTask2 */,
				98A6A57028635C7A00589273 /* Products */,
			);
			sourceTree = "<group>";
		};
		98A6A57028635C7A00589273 /* Products */ = {
			isa = PBXGroup;
			children = (
				98A6A56F28635C7A00589273 /* SberTestTask2.app */,
			);
			name = Products;
			sourceTree = "<group>";
		};
		98A6A57128635C7A00589273 /* SberTestTask2 */ = {
			isa = PBXGroup;
			children = (
				98A6A57228635C7A00589273 /* SberTestTask2App.swift */,
				98A6A5922863B3C500589273 /* MailView.swift */,
				98A6A58D2863A4E000589273 /* SwiftUiViews */,
				98A6A58A28635D6600589273 /* ViewModel */,
				98A6A57628635C7B00589273 /* Assets.xcassets */,
				98A6A58528635D0400589273 /* CoreData */,
				98A6A57828635C7B00589273 /* Preview Content */,
			);
			path = SberTestTask2;
			sourceTree = "<group>";
		};
		98A6A57828635C7B00589273 /* Preview Content */ = {
			isa = PBXGroup;
			children = (
				98A6A57928635C7B00589273 /* Preview Assets.xcassets */,
			);
			path = "Preview Content";
			sourceTree = "<group>";
		};
		98A6A58528635D0400589273 /* CoreData */ = {
			isa = PBXGroup;
			children = (
				98A6A57B28635C7B00589273 /* Persistence.swift */,
				98A6A57D28635C7B00589273 /* Contact.xcdatamodeld */,
			);
			path = CoreData;
			sourceTree = "<group>";
		};
		98A6A58A28635D6600589273 /* ViewModel */ = {
			isa = PBXGroup;
			children = (
				98A6A58828635D5000589273 /* CoreDataViewModel.swift */,
				98A6A58628635D2400589273 /* ImagePicker.swift */,
			);
			path = ViewModel;
			sourceTree = "<group>";
		};
		98A6A58D2863A4E000589273 /* SwiftUiViews */ = {
			isa = PBXGroup;
			children = (
				98A6A57428635C7A00589273 /* ContentView.swift */,
				98A6A59A28646D0C00589273 /* ListRowView.swift */,
				98A6A59C28646D2400589273 /* CollectionRowView.swift */,
				98A6A58B28635E0A00589273 /* AddContactView.swift */,
				98A6A5A2286472E200589273 /* DetailedContactView.swift */,
			);
			path = SwiftUiViews;
			sourceTree = "<group>";
		};
/* End PBXGroup section */

/* Begin PBXNativeTarget section */
		98A6A56E28635C7A00589273 /* SberTestTask2 */ = {
			isa = PBXNativeTarget;
			buildConfigurationList = 98A6A58228635C7B00589273 /* Build configuration list for PBXNativeTarget "SberTestTask2" */;
			buildPhases = (
				98A6A56B28635C7A00589273 /* Sources */,
				98A6A56C28635C7A00589273 /* Frameworks */,
				98A6A56D28635C7A00589273 /* Resources */,
			);
			buildRules = (
			);
			dependencies = (
			);
			name = SberTestTask2;
			productName = SberTestTask2;
			productReference = 98A6A56F28635C7A00589273 /* SberTestTask2.app */;
			productType = "com.apple.product-type.application";
		};
/* End PBXNativeTarget section */

/* Begin PBXProject section */
		98A6A56728635C7A00589273 /* Project object */ = {
			isa = PBXProject;
			attributes = {
				BuildIndependentTargetsInParallel = 1;
				LastSwiftUpdateCheck = 1340;
				LastUpgradeCheck = 1340;
				TargetAttributes = {
					98A6A56E28635C7A00589273 = {
						CreatedOnToolsVersion = 13.4.1;
					};
				};
			};
			buildConfigurationList = 98A6A56A28635C7A00589273 /* Build configuration list for PBXProject "SberTestTask2" */;
			compatibilityVersion = "Xcode 13.0";
			developmentRegion = en;
			hasScannedForEncodings = 0;
			knownRegions = (
				en,
				Base,
			);
			mainGroup = 98A6A56628635C7A00589273;
			productRefGroup = 98A6A57028635C7A00589273 /* Products */;
			projectDirPath = "";
			projectRoot = "";
			targets = (
				98A6A56E28635C7A00589273 /* SberTestTask2 */,
			);
		};
/* End PBXProject section */

/* Begin PBXResourcesBuildPhase section */
		98A6A56D28635C7A00589273 /* Resources */ = {
			isa = PBXResourcesBuildPhase;
			buildActionMask = 2147483647;
			files = (
				98A6A57A28635C7B00589273 /* Preview Assets.xcassets in Resources */,
				98A6A57728635C7B00589273 /* Assets.xcassets in Resources */,
			);
			runOnlyForDeploymentPostprocessing = 0;
		};
/* End PBXResourcesBuildPhase section */

/* Begin PBXSourcesBuildPhase section */
		98A6A56B28635C7A00589273 /* Sources */ = {
			isa = PBXSourcesBuildPhase;
			buildActionMask = 2147483647;
			files = (
				98A6A57C28635C7B00589273 /* Persistence.swift in Sources */,
				98A6A58928635D5000589273 /* CoreDataViewModel.swift in Sources */,
				98A6A57528635C7A00589273 /* ContentView.swift in Sources */,
				98A6A59B28646D0C00589273 /* ListRowView.swift in Sources */,
				98A6A58728635D2400589273 /* ImagePicker.swift in Sources */,
				98A6A59D28646D2400589273 /* CollectionRowView.swift in Sources */,
				98A6A57328635C7A00589273 /* SberTestTask2App.swift in Sources */,
				98A6A58C28635E0A00589273 /* AddContactView.swift in Sources */,
				98A6A57F28635C7B00589273 /* Contact.xcdatamodeld in Sources */,
				98A6A5932863B3C500589273 /* MailView.swift in Sources */,
				98A6A5A3286472E200589273 /* DetailedContactView.swift in Sources */,
			);
			runOnlyForDeploymentPostprocessing = 0;
		};
/* End PBXSourcesBuildPhase section */

/* Begin XCBuildConfiguration section */
		98A6A58028635C7B00589273 /* Debug */ = {
			isa = XCBuildConfiguration;
			buildSettings = {
				ALWAYS_SEARCH_USER_PATHS = NO;
				CLANG_ANALYZER_NONNULL = YES;
				CLANG_ANALYZER_NUMBER_OBJECT_CONVERSION = YES_AGGRESSIVE;
				CLANG_CXX_LANGUAGE_STANDARD = "gnu++17";
				CLANG_ENABLE_MODULES = YES;
				CLANG_ENABLE_OBJC_ARC = YES;
				CLANG_ENABLE_OBJC_WEAK = YES;
				CLANG_WARN_BLOCK_CAPTURE_AUTORELEASING = YES;
				CLANG_WARN_BOOL_CONVERSION = YES;
				CLANG_WARN_COMMA = YES;
				CLANG_WARN_CONSTANT_CONVERSION = YES;
				CLANG_WARN_DEPRECATED_OBJC_IMPLEMENTATIONS = YES;
				CLANG_WARN_DIRECT_OBJC_ISA_USAGE = YES_ERROR;
				CLANG_WARN_DOCUMENTATION_COMMENTS = YES;
				CLANG_WARN_EMPTY_BODY = YES;
				CLANG_WARN_ENUM_CONVERSION = YES;
				CLANG_WARN_INFINITE_RECURSION = YES;
				CLANG_WARN_INT_CONVERSION = YES;
				CLANG_WARN_NON_LITERAL_NULL_CONVERSION = YES;
				CLANG_WARN_OBJC_IMPLICIT_RETAIN_SELF = YES;
				CLANG_WARN_OBJC_LITERAL_CONVERSION = YES;
				CLANG_WARN_OBJC_ROOT_CLASS = YES_ERROR;
				CLANG_WARN_QUOTED_INCLUDE_IN_FRAMEWORK_HEADER = YES;
				CLANG_WARN_RANGE_LOOP_ANALYSIS = YES;
				CLANG_WARN_STRICT_PROTOTYPES = YES;
				CLANG_WARN_SUSPICIOUS_MOVE = YES;
				CLANG_WARN_UNGUARDED_AVAILABILITY = YES_AGGRESSIVE;
				CLANG_WARN_UNREACHABLE_CODE = YES;
				CLANG_WARN__DUPLICATE_METHOD_MATCH = YES;
				COPY_PHASE_STRIP = NO;
				DEBUG_INFORMATION_FORMAT = dwarf;
				ENABLE_STRICT_OBJC_MSGSEND = YES;
				ENABLE_TESTABILITY = YES;
				GCC_C_LANGUAGE_STANDARD = gnu11;
				GCC_DYNAMIC_NO_PIC = NO;
				GCC_NO_COMMON_BLOCKS = YES;
				GCC_OPTIMIZATION_LEVEL = 0;
				GCC_PREPROCESSOR_DEFINITIONS = (
					"DEBUG=1",
					"$(inherited)",
				);
				GCC_WARN_64_TO_32_BIT_CONVERSION = YES;
				GCC_WARN_ABOUT_RETURN_TYPE = YES_ERROR;
				GCC_WARN_UNDECLARED_SELECTOR = YES;
				GCC_WARN_UNINITIALIZED_AUTOS = YES_AGGRESSIVE;
				GCC_WARN_UNUSED_FUNCTION = YES;
				GCC_WARN_UNUSED_VARIABLE = YES;
				IPHONEOS_DEPLOYMENT_TARGET = 15.5;
				MTL_ENABLE_DEBUG_INFO = INCLUDE_SOURCE;
				MTL_FAST_MATH = YES;
				ONLY_ACTIVE_ARCH = YES;
				SDKROOT = iphoneos;
				SWIFT_ACTIVE_COMPILATION_CONDITIONS = DEBUG;
				SWIFT_OPTIMIZATION_LEVEL = "-Onone";
			};
			name = Debug;
		};
		98A6A58128635C7B00589273 /* Release */ = {
			isa = XCBuildConfiguration;
			buildSettings = {
				ALWAYS_SEARCH_USER_PATHS = NO;
				CLANG_ANALYZER_NONNULL = YES;
				CLANG_ANALYZER_NUMBER_OBJECT_CONVERSION = YES_AGGRESSIVE;
				CLANG_CXX_LANGUAGE_STANDARD = "gnu++17";
				CLANG_ENABLE_MODULES = YES;
				CLANG_ENABLE_OBJC_ARC = YES;
				CLANG_ENABLE_OBJC_WEAK = YES;
				CLANG_WARN_BLOCK_CAPTURE_AUTORELEASING = YES;
				CLANG_WARN_BOOL_CONVERSION = YES;
				CLANG_WARN_COMMA = YES;
				CLANG_WARN_CONSTANT_CONVERSION = YES;
				CLANG_WARN_DEPRECATED_OBJC_IMPLEMENTATIONS = YES;
				CLANG_WARN_DIRECT_OBJC_ISA_USAGE = YES_ERROR;
				CLANG_WARN_DOCUMENTATION_COMMENTS = YES;
				CLANG_WARN_EMPTY_BODY = YES;
				CLANG_WARN_ENUM_CONVERSION = YES;
				CLANG_WARN_INFINITE_RECURSION = YES;
				CLANG_WARN_INT_CONVERSION = YES;
				CLANG_WARN_NON_LITERAL_NULL_CONVERSION = YES;
				CLANG_WARN_OBJC_IMPLICIT_RETAIN_SELF = YES;
				CLANG_WARN_OBJC_LITERAL_CONVERSION = YES;
				CLANG_WARN_OBJC_ROOT_CLASS = YES_ERROR;
				CLANG_WARN_QUOTED_INCLUDE_IN_FRAMEWORK_HEADER = YES;
				CLANG_WARN_RANGE_LOOP_ANALYSIS = YES;
				CLANG_WARN_STRICT_PROTOTYPES = YES;
				CLANG_WARN_SUSPICIOUS_MOVE = YES;
				CLANG_WARN_UNGUARDED_AVAILABILITY = YES_AGGRESSIVE;
				CLANG_WARN_UNREACHABLE_CODE = YES;
				CLANG_WARN__DUPLICATE_METHOD_MATCH = YES;
				COPY_PHASE_STRIP = NO;
				DEBUG_INFORMATION_FORMAT = "dwarf-with-dsym";
				ENABLE_NS_ASSERTIONS = NO;
				ENABLE_STRICT_OBJC_MSGSEND = YES;
				GCC_C_LANGUAGE_STANDARD = gnu11;
				GCC_NO_COMMON_BLOCKS = YES;
				GCC_WARN_64_TO_32_BIT_CONVERSION = YES;
				GCC_WARN_ABOUT_RETURN_TYPE = YES_ERROR;
				GCC_WARN_UNDECLARED_SELECTOR = YES;
				GCC_WARN_UNINITIALIZED_AUTOS = YES_AGGRESSIVE;
				GCC_WARN_UNUSED_FUNCTION = YES;
				GCC_WARN_UNUSED_VARIABLE = YES;
				IPHONEOS_DEPLOYMENT_TARGET = 15.5;
				MTL_ENABLE_DEBUG_INFO = NO;
				MTL_FAST_MATH = YES;
				SDKROOT = iphoneos;
				SWIFT_COMPILATION_MODE = wholemodule;
				SWIFT_OPTIMIZATION_LEVEL = "-O";
				VALIDATE_PRODUCT = YES;
			};
			name = Release;
		};
		98A6A58328635C7B00589273 /* Debug */ = {
			isa = XCBuildConfiguration;
			buildSettings = {
				ASSETCATALOG_COMPILER_APPICON_NAME = AppIcon;
				ASSETCATALOG_COMPILER_GLOBAL_ACCENT_COLOR_NAME = AccentColor;
				CODE_SIGN_STYLE = Automatic;
				CURRENT_PROJECT_VERSION = 1;
				DEVELOPMENT_ASSET_PATHS = "\"SberTestTask2/Preview Content\"";
				DEVELOPMENT_TEAM = CJB64PWWQJ;
				ENABLE_PREVIEWS = YES;
				GENERATE_INFOPLIST_FILE = YES;
				INFOPLIST_KEY_NSCameraUsageDescription = "Пожалуйста, предоставьте доступ к своей камере";
				INFOPLIST_KEY_UIApplicationSceneManifest_Generation = YES;
				INFOPLIST_KEY_UIApplicationSupportsIndirectInputEvents = YES;
				INFOPLIST_KEY_UILaunchScreen_Generation = YES;
				INFOPLIST_KEY_UISupportedInterfaceOrientations_iPad = "UIInterfaceOrientationPortrait UIInterfaceOrientationPortraitUpsideDown UIInterfaceOrientationLandscapeLeft UIInterfaceOrientationLandscapeRight";
				INFOPLIST_KEY_UISupportedInterfaceOrientations_iPhone = "UIInterfaceOrientationPortrait UIInterfaceOrientationLandscapeLeft UIInterfaceOrientationLandscapeRight";
				LD_RUNPATH_SEARCH_PATHS = (
					"$(inherited)",
					"@executable_path/Frameworks",
				);
				MARKETING_VERSION = 1.0;
				PRODUCT_BUNDLE_IDENTIFIER = Matthew.SberTestTask2;
				PRODUCT_NAME = "$(TARGET_NAME)";
				SWIFT_EMIT_LOC_STRINGS = YES;
				SWIFT_VERSION = 5.0;
				TARGETED_DEVICE_FAMILY = "1,2";
			};
			name = Debug;
		};
		98A6A58428635C7B00589273 /* Release */ = {
			isa = XCBuildConfiguration;
			buildSettings = {
				ASSETCATALOG_COMPILER_APPICON_NAME = AppIcon;
				ASSETCATALOG_COMPILER_GLOBAL_ACCENT_COLOR_NAME = AccentColor;
				CODE_SIGN_STYLE = Automatic;
				CURRENT_PROJECT_VERSION = 1;
				DEVELOPMENT_ASSET_PATHS = "\"SberTestTask2/Preview Content\"";
				DEVELOPMENT_TEAM = CJB64PWWQJ;
				ENABLE_PREVIEWS = YES;
				GENERATE_INFOPLIST_FILE = YES;
				INFOPLIST_KEY_NSCameraUsageDescription = "Пожалуйста, предоставьте доступ к своей камере";
				INFOPLIST_KEY_UIApplicationSceneManifest_Generation = YES;
				INFOPLIST_KEY_UIApplicationSupportsIndirectInputEvents = YES;
				INFOPLIST_KEY_UILaunchScreen_Generation = YES;
				INFOPLIST_KEY_UISupportedInterfaceOrientations_iPad = "UIInterfaceOrientationPortrait UIInterfaceOrientationPortraitUpsideDown UIInterfaceOrientationLandscapeLeft UIInterfaceOrientationLandscapeRight";
				INFOPLIST_KEY_UISupportedInterfaceOrientations_iPhone = "UIInterfaceOrientationPortrait UIInterfaceOrientationLandscapeLeft UIInterfaceOrientationLandscapeRight";
				LD_RUNPATH_SEARCH_PATHS = (
					"$(inherited)",
					"@executable_path/Frameworks",
				);
				MARKETING_VERSION = 1.0;
				PRODUCT_BUNDLE_IDENTIFIER = Matthew.SberTestTask2;
				PRODUCT_NAME = "$(TARGET_NAME)";
				SWIFT_EMIT_LOC_STRINGS = YES;
				SWIFT_VERSION = 5.0;
				TARGETED_DEVICE_FAMILY = "1,2";
			};
			name = Release;
		};
/* End XCBuildConfiguration section */

/* Begin XCConfigurationList section */
		98A6A56A28635C7A00589273 /* Build configuration list for PBXProject "SberTestTask2" */ = {
			isa = XCConfigurationList;
			buildConfigurations = (
				98A6A58028635C7B00589273 /* Debug */,
				98A6A58128635C7B00589273 /* Release */,
			);
			defaultConfigurationIsVisible = 0;
			defaultConfigurationName = Release;
		};
		98A6A58228635C7B00589273 /* Build configuration list for PBXNativeTarget "SberTestTask2" */ = {
			isa = XCConfigurationList;
			buildConfigurations = (
				98A6A58328635C7B00589273 /* Debug */,
				98A6A58428635C7B00589273 /* Release */,
			);
			defaultConfigurationIsVisible = 0;
			defaultConfigurationName = Release;
		};
/* End XCConfigurationList section */

/* Begin XCVersionGroup section */
		98A6A57D28635C7B00589273 /* Contact.xcdatamodeld */ = {
			isa = XCVersionGroup;
			children = (
				98A6A57E28635C7B00589273 /* SberTestTask2.xcdatamodel */,
			);
			currentVersion = 98A6A57E28635C7B00589273 /* SberTestTask2.xcdatamodel */;
			path = Contact.xcdatamodeld;
			sourceTree = "<group>";
			versionGroupType = wrapper.xcdatamodel;
		};
/* End XCVersionGroup section */
	};
	rootObject = 98A6A56728635C7A00589273 /* Project object */;
}
